
Microsoft Visual Studio Solution File, Format Version 12.00
# Visual Studio Version 17
VisualStudioVersion = 17.8.34330.188
MinimumVisualStudioVersion = 10.0.40219.1
Project("{9A19103F-16F7-4668-BE54-9A1E7A4F7556}") = "AKSDotNetCore.ConsoleApp", "AKSDotNetCore.ConsoleApp\AKSDotNetCore.ConsoleApp.csproj", "{C886DB77-3D67-4F1F-B564-C18629E2AA42}"
EndProject
Project("{2150E333-8FDC-42A3-9474-1A3956D46DE8}") = "Documents", "Documents", "{351EAB2F-634A-4D2E-83B8-DC12C5C98967}"
	ProjectSection(SolutionItems) = preProject
		README.md = README.md
	EndProjectSection
EndProject
Project("{FAE04EC0-301F-11D3-BF4B-00C04F79EFBC}") = "AKSDotNetCore.RestApi", "AKSDotNetCore.RestApi\AKSDotNetCore.RestApi.csproj", "{4EB983EE-2777-4789-8670-D6B201445C19}"
EndProject
Project("{FAE04EC0-301F-11D3-BF4B-00C04F79EFBC}") = "AKSDotNetCore.MinimalApi", "AKSDotNetCore.MinimalApi\AKSDotNetCore.MinimalApi.csproj", "{0E629F93-E770-4192-9D33-4DEA2298D3A4}"
EndProject
Global
	GlobalSection(SolutionConfigurationPlatforms) = preSolution
		Debug|Any CPU = Debug|Any CPU
		Release|Any CPU = Release|Any CPU
	EndGlobalSection
	GlobalSection(ProjectConfigurationPlatforms) = postSolution
		{C886DB77-3D67-4F1F-B564-C18629E2AA42}.Debug|Any CPU.ActiveCfg = Debug|Any CPU
		{C886DB77-3D67-4F1F-B564-C18629E2AA42}.Debug|Any CPU.Build.0 = Debug|Any CPU
		{C886DB77-3D67-4F1F-B564-C18629E2AA42}.Release|Any CPU.ActiveCfg = Release|Any CPU
		{C886DB77-3D67-4F1F-B564-C18629E2AA42}.Release|Any CPU.Build.0 = Release|Any CPU
		{4EB983EE-2777-4789-8670-D6B201445C19}.Debug|Any CPU.ActiveCfg = Debug|Any CPU
		{4EB983EE-2777-4789-8670-D6B201445C19}.Debug|Any CPU.Build.0 = Debug|Any CPU
		{4EB983EE-2777-4789-8670-D6B201445C19}.Release|Any CPU.ActiveCfg = Release|Any CPU
		{4EB983EE-2777-4789-8670-D6B201445C19}.Release|Any CPU.Build.0 = Release|Any CPU
		{0E629F93-E770-4192-9D33-4DEA2298D3A4}.Debug|Any CPU.ActiveCfg = Debug|Any CPU
		{0E629F93-E770-4192-9D33-4DEA2298D3A4}.Debug|Any CPU.Build.0 = Debug|Any CPU
		{0E629F93-E770-4192-9D33-4DEA2298D3A4}.Release|Any CPU.ActiveCfg = Release|Any CPU
		{0E629F93-E770-4192-9D33-4DEA2298D3A4}.Release|Any CPU.Build.0 = Release|Any CPU
	EndGlobalSection
	GlobalSection(SolutionProperties) = preSolution
		HideSolutionNode = FALSE
	EndGlobalSection
	GlobalSection(ExtensibilityGlobals) = postSolution
		SolutionGuid = {18F900A0-5EC7-4FE5-B679-B96CCFA761B5}
	EndGlobalSection
EndGlobal
