
Microsoft Visual Studio Solution File, Format Version 12.00
# Visual Studio Version 17
VisualStudioVersion = 17.8.34330.188
MinimumVisualStudioVersion = 10.0.40219.1
Project("{FAE04EC0-301F-11D3-BF4B-00C04F79EFBC}") = "AKSDotNetCore.ConsoleApp", "AKSDotNetCore.ConsoleApp\AKSDotNetCore.ConsoleApp.csproj", "{C886DB77-3D67-4F1F-B564-C18629E2AA42}"
EndProject
Global
	GlobalSection(SolutionConfigurationPlatforms) = preSolution
		Debug|Any CPU = Debug|Any CPU
		Release|Any CPU = Release|Any CPU
	EndGlobalSection
	GlobalSection(ProjectConfigurationPlatforms) = postSolution
		{C886DB77-3D67-4F1F-B564-C18629E2AA42}.Debug|Any CPU.ActiveCfg = Debug|Any CPU
		{C886DB77-3D67-4F1F-B564-C18629E2AA42}.Debug|Any CPU.Build.0 = Debug|Any CPU
		{C886DB77-3D67-4F1F-B564-C18629E2AA42}.Release|Any CPU.ActiveCfg = Release|Any CPU
		{C886DB77-3D67-4F1F-B564-C18629E2AA42}.Release|Any CPU.Build.0 = Release|Any CPU
	EndGlobalSection
	GlobalSection(SolutionProperties) = preSolution
		HideSolutionNode = FALSE
	EndGlobalSection
	GlobalSection(ExtensibilityGlobals) = postSolution
		SolutionGuid = {18F900A0-5EC7-4FE5-B679-B96CCFA761B5}
	EndGlobalSection
EndGlobal
