
Microsoft Visual Studio Solution File, Format Version 12.00
# Visual Studio Version 17
VisualStudioVersion = 17.8.34330.188
MinimumVisualStudioVersion = 10.0.40219.1
Project("{9A19103F-16F7-4668-BE54-9A1E7A4F7556}") = "AKSDotNetCore.ConsoleApp", "AKSDotNetCore.ConsoleApp\AKSDotNetCore.ConsoleApp.csproj", "{C886DB77-3D67-4F1F-B564-C18629E2AA42}"
EndProject
Project("{2150E333-8FDC-42A3-9474-1A3956D46DE8}") = "Documents", "Documents", "{351EAB2F-634A-4D2E-83B8-DC12C5C98967}"
	ProjectSection(SolutionItems) = preProject
		README.md = README.md
	EndProjectSection
EndProject
Project("{9A19103F-16F7-4668-BE54-9A1E7A4F7556}") = "AKSDotNetCore.RestApi", "AKSDotNetCore.RestApi\AKSDotNetCore.RestApi.csproj", "{4EB983EE-2777-4789-8670-D6B201445C19}"
EndProject
Project("{9A19103F-16F7-4668-BE54-9A1E7A4F7556}") = "AKSDotNetCore.AtmConsoleApp", "AKSDotNetCore.AtmConsoleApp\AKSDotNetCore.AtmConsoleApp.csproj", "{10F96D8F-18AD-4FA1-AF65-08A502B97A70}"
EndProject
Project("{9A19103F-16F7-4668-BE54-9A1E7A4F7556}") = "AKSDotNetCore.MvcApp", "AKSDotNetCore.MvcApp\AKSDotNetCore.MvcApp.csproj", "{F93B8047-5DBC-4934-A10C-B326E1470197}"
EndProject
Project("{9A19103F-16F7-4668-BE54-9A1E7A4F7556}") = "AKSDotNetCore.MinimalApi", "AKSDotNetCore.MinimalApi\AKSDotNetCore.MinimalApi.csproj", "{CCAAC556-63F5-47E2-AF97-139534B4F732}"
EndProject
Project("{9A19103F-16F7-4668-BE54-9A1E7A4F7556}") = "AKSDotNetCore.RealtimeChartUsingSignalR", "AKSDotNetCore.RealtimeChartUsingSignalR\AKSDotNetCore.RealtimeChartUsingSignalR.csproj", "{A933BBFD-CDF7-4702-AC3F-625308F32671}"
EndProject
Project("{9A19103F-16F7-4668-BE54-9A1E7A4F7556}") = "AKSDotNetCore.ThemeApp", "AKSDotNetCore.ThemeApp\AKSDotNetCore.ThemeApp.csproj", "{A8CCF955-58A7-4F27-90E8-5CB39D08F8AF}"
EndProject
Project("{9A19103F-16F7-4668-BE54-9A1E7A4F7556}") = "AKSDotNetCore.Services", "AKSDotNetCore.Services\AKSDotNetCore.Services.csproj", "{36BC46E0-3F6D-45A9-822E-D9FC01572F9A}"
EndProject
Project("{9A19103F-16F7-4668-BE54-9A1E7A4F7556}") = "AKSDotNetCore.BlazorWasm", "AKSDotNetCore.BlazorWasm\AKSDotNetCore.BlazorWasm.csproj", "{49FE2EF8-82A3-4CCB-9087-40EA87EDDA5E}"
EndProject
Project("{9A19103F-16F7-4668-BE54-9A1E7A4F7556}") = "AKSDotNetCore.Models", "AKSDotNetCore.Models\AKSDotNetCore.Models.csproj", "{12C02971-2B1C-4CB2-AC41-21FB246B467C}"
EndProject
Project("{FAE04EC0-301F-11D3-BF4B-00C04F79EFBC}") = "AKSDotNetCore.BlazorServer", "AKSDotNetCore.BlazorServer\AKSDotNetCore.BlazorServer.csproj", "{3FA659DA-4196-4160-A0CA-526939FF9D65}"
EndProject
Global
	GlobalSection(SolutionConfigurationPlatforms) = preSolution
		Debug|Any CPU = Debug|Any CPU
		Release|Any CPU = Release|Any CPU
	EndGlobalSection
	GlobalSection(ProjectConfigurationPlatforms) = postSolution
		{C886DB77-3D67-4F1F-B564-C18629E2AA42}.Debug|Any CPU.ActiveCfg = Debug|Any CPU
		{C886DB77-3D67-4F1F-B564-C18629E2AA42}.Debug|Any CPU.Build.0 = Debug|Any CPU
		{C886DB77-3D67-4F1F-B564-C18629E2AA42}.Release|Any CPU.ActiveCfg = Release|Any CPU
		{C886DB77-3D67-4F1F-B564-C18629E2AA42}.Release|Any CPU.Build.0 = Release|Any CPU
		{4EB983EE-2777-4789-8670-D6B201445C19}.Debug|Any CPU.ActiveCfg = Debug|Any CPU
		{4EB983EE-2777-4789-8670-D6B201445C19}.Debug|Any CPU.Build.0 = Debug|Any CPU
		{4EB983EE-2777-4789-8670-D6B201445C19}.Release|Any CPU.ActiveCfg = Release|Any CPU
		{4EB983EE-2777-4789-8670-D6B201445C19}.Release|Any CPU.Build.0 = Release|Any CPU
		{10F96D8F-18AD-4FA1-AF65-08A502B97A70}.Debug|Any CPU.ActiveCfg = Debug|Any CPU
		{10F96D8F-18AD-4FA1-AF65-08A502B97A70}.Debug|Any CPU.Build.0 = Debug|Any CPU
		{10F96D8F-18AD-4FA1-AF65-08A502B97A70}.Release|Any CPU.ActiveCfg = Release|Any CPU
		{10F96D8F-18AD-4FA1-AF65-08A502B97A70}.Release|Any CPU.Build.0 = Release|Any CPU
		{F93B8047-5DBC-4934-A10C-B326E1470197}.Debug|Any CPU.ActiveCfg = Debug|Any CPU
		{F93B8047-5DBC-4934-A10C-B326E1470197}.Debug|Any CPU.Build.0 = Debug|Any CPU
		{F93B8047-5DBC-4934-A10C-B326E1470197}.Release|Any CPU.ActiveCfg = Release|Any CPU
		{F93B8047-5DBC-4934-A10C-B326E1470197}.Release|Any CPU.Build.0 = Release|Any CPU
		{CCAAC556-63F5-47E2-AF97-139534B4F732}.Debug|Any CPU.ActiveCfg = Debug|Any CPU
		{CCAAC556-63F5-47E2-AF97-139534B4F732}.Debug|Any CPU.Build.0 = Debug|Any CPU
		{CCAAC556-63F5-47E2-AF97-139534B4F732}.Release|Any CPU.ActiveCfg = Release|Any CPU
		{CCAAC556-63F5-47E2-AF97-139534B4F732}.Release|Any CPU.Build.0 = Release|Any CPU
		{A933BBFD-CDF7-4702-AC3F-625308F32671}.Debug|Any CPU.ActiveCfg = Debug|Any CPU
		{A933BBFD-CDF7-4702-AC3F-625308F32671}.Debug|Any CPU.Build.0 = Debug|Any CPU
		{A933BBFD-CDF7-4702-AC3F-625308F32671}.Release|Any CPU.ActiveCfg = Release|Any CPU
		{A933BBFD-CDF7-4702-AC3F-625308F32671}.Release|Any CPU.Build.0 = Release|Any CPU
		{A8CCF955-58A7-4F27-90E8-5CB39D08F8AF}.Debug|Any CPU.ActiveCfg = Debug|Any CPU
		{A8CCF955-58A7-4F27-90E8-5CB39D08F8AF}.Debug|Any CPU.Build.0 = Debug|Any CPU
		{A8CCF955-58A7-4F27-90E8-5CB39D08F8AF}.Release|Any CPU.ActiveCfg = Release|Any CPU
		{A8CCF955-58A7-4F27-90E8-5CB39D08F8AF}.Release|Any CPU.Build.0 = Release|Any CPU
		{36BC46E0-3F6D-45A9-822E-D9FC01572F9A}.Debug|Any CPU.ActiveCfg = Debug|Any CPU
		{36BC46E0-3F6D-45A9-822E-D9FC01572F9A}.Debug|Any CPU.Build.0 = Debug|Any CPU
		{36BC46E0-3F6D-45A9-822E-D9FC01572F9A}.Release|Any CPU.ActiveCfg = Release|Any CPU
		{36BC46E0-3F6D-45A9-822E-D9FC01572F9A}.Release|Any CPU.Build.0 = Release|Any CPU
		{49FE2EF8-82A3-4CCB-9087-40EA87EDDA5E}.Debug|Any CPU.ActiveCfg = Debug|Any CPU
		{49FE2EF8-82A3-4CCB-9087-40EA87EDDA5E}.Debug|Any CPU.Build.0 = Debug|Any CPU
		{49FE2EF8-82A3-4CCB-9087-40EA87EDDA5E}.Release|Any CPU.ActiveCfg = Release|Any CPU
		{49FE2EF8-82A3-4CCB-9087-40EA87EDDA5E}.Release|Any CPU.Build.0 = Release|Any CPU
		{12C02971-2B1C-4CB2-AC41-21FB246B467C}.Debug|Any CPU.ActiveCfg = Debug|Any CPU
		{12C02971-2B1C-4CB2-AC41-21FB246B467C}.Debug|Any CPU.Build.0 = Debug|Any CPU
		{12C02971-2B1C-4CB2-AC41-21FB246B467C}.Release|Any CPU.ActiveCfg = Release|Any CPU
		{12C02971-2B1C-4CB2-AC41-21FB246B467C}.Release|Any CPU.Build.0 = Release|Any CPU
		{3FA659DA-4196-4160-A0CA-526939FF9D65}.Debug|Any CPU.ActiveCfg = Debug|Any CPU
		{3FA659DA-4196-4160-A0CA-526939FF9D65}.Debug|Any CPU.Build.0 = Debug|Any CPU
		{3FA659DA-4196-4160-A0CA-526939FF9D65}.Release|Any CPU.ActiveCfg = Release|Any CPU
		{3FA659DA-4196-4160-A0CA-526939FF9D65}.Release|Any CPU.Build.0 = Release|Any CPU
	EndGlobalSection
	GlobalSection(SolutionProperties) = preSolution
		HideSolutionNode = FALSE
	EndGlobalSection
	GlobalSection(ExtensibilityGlobals) = postSolution
		SolutionGuid = {18F900A0-5EC7-4FE5-B679-B96CCFA761B5}
	EndGlobalSection
EndGlobal
